PODS:
  - KMPObservableViewModelCore (1.0.0-BETA-3):
    - KMPObservableViewModelCoreObjC (= 1.0.0-BETA-3)
  - KMPObservableViewModelCoreObjC (1.0.0-BETA-3)
  - KMPObservableViewModelSwiftUI (1.0.0-BETA-3):
    - KMPObservableViewModelCore (= 1.0.0-BETA-3)
  - shared (1.0)

DEPENDENCIES:
  - KMPObservableViewModelSwiftUI (= 1.0.0-BETA-3)
  - shared (from `../shared`)

SPEC REPOS:
  trunk:
    - KMPObservableViewModelCore
    - KMPObservableViewModelCoreObjC
    - KMPObservableViewModelSwiftUI

EXTERNAL SOURCES:
  shared:
    :path: "../shared"

SPEC CHECKSUMS:
  KMPObservableViewModelCore: 03ca22ae973a0cdfd9948876c716cd58ed3ca546
  KMPObservableViewModelCoreObjC: 047a8024ee08631dbe89e4f5038de1e3094775f3
  KMPObservableViewModelSwiftUI: 24d69864340bd6f45d4611f40944b281d6831458
  shared: 96c066cfd2b0eab0963c51fee6cb6673e8cbba1a

PODFILE CHECKSUM: ca7ecb806bd17b1797915bbc13fa9b9f8d0e40f2

COCOAPODS: 1.16.2
